
Microsoft Visual Studio Solution File, Format Version 12.00
# Visual Studio Version 17
VisualStudioVersion = 17.11.35327.3
MinimumVisualStudioVersion = 10.0.40219.1
Project("{FAE04EC0-301F-11D3-BF4B-00C04F79EFBC}") = "LoginPage", "LoginPage\LoginPage.csproj", "{746B3D91-5ADC-4AEC-AD85-E970715A9F9B}"
EndProject
Global
	GlobalSection(SolutionConfigurationPlatforms) = preSolution
		Debug|Any CPU = Debug|Any CPU
		Release|Any CPU = Release|Any CPU
	EndGlobalSection
	GlobalSection(ProjectConfigurationPlatforms) = postSolution
		{746B3D91-5ADC-4AEC-AD85-E970715A9F9B}.Debug|Any CPU.ActiveCfg = Debug|Any CPU
		{746B3D91-5ADC-4AEC-AD85-E970715A9F9B}.Debug|Any CPU.Build.0 = Debug|Any CPU
		{746B3D91-5ADC-4AEC-AD85-E970715A9F9B}.Release|Any CPU.ActiveCfg = Release|Any CPU
		{746B3D91-5ADC-4AEC-AD85-E970715A9F9B}.Release|Any CPU.Build.0 = Release|Any CPU
	EndGlobalSection
	GlobalSection(SolutionProperties) = preSolution
		HideSolutionNode = FALSE
	EndGlobalSection
	GlobalSection(ExtensibilityGlobals) = postSolution
		SolutionGuid = {8AAA29A2-88E1-40B6-9815-C73B25B80243}
	EndGlobalSection
EndGlobal
